
Microsoft Visual Studio Solution File, Format Version 12.00
# Visual Studio Version 17
VisualStudioVersion = 17.14.36616.10 d17.14
MinimumVisualStudioVersion = 10.0.40219.1
Project("{FAE04EC0-301F-11D3-BF4B-00C04F79EFBC}") = "Hukaa_back", "Hukaa_back.csproj", "{90C385C8-FFCA-42B9-B69E-1B3480E34693}"
EndProject
Global
	GlobalSection(SolutionConfigurationPlatforms) = preSolution
		Debug|Any CPU = Debug|Any CPU
		Release|Any CPU = Release|Any CPU
	EndGlobalSection
	GlobalSection(ProjectConfigurationPlatforms) = postSolution
		{90C385C8-FFCA-42B9-B69E-1B3480E34693}.Debug|Any CPU.ActiveCfg = Debug|Any CPU
		{90C385C8-FFCA-42B9-B69E-1B3480E34693}.Debug|Any CPU.Build.0 = Debug|Any CPU
		{90C385C8-FFCA-42B9-B69E-1B3480E34693}.Release|Any CPU.ActiveCfg = Release|Any CPU
		{90C385C8-FFCA-42B9-B69E-1B3480E34693}.Release|Any CPU.Build.0 = Release|Any CPU
	EndGlobalSection
	GlobalSection(SolutionProperties) = preSolution
		HideSolutionNode = FALSE
	EndGlobalSection
	GlobalSection(ExtensibilityGlobals) = postSolution
		SolutionGuid = {4380CDBE-B6DD-477C-9EE3-C3EB9311B1FC}
	EndGlobalSection
EndGlobal
